
Microsoft Visual Studio Solution File, Format Version 12.00
# Visual Studio 14
VisualStudioVersion = 14.0.25420.1
MinimumVisualStudioVersion = 10.0.40219.1
Project("{FAE04EC0-301F-11D3-BF4B-00C04F79EFBC}") = "ExtractionCompta", "ExtractionCompta\ExtractionCompta.csproj", "{ECA22951-EF9F-4FAF-AF45-7C017A8CBE0A}"
EndProject
Project("{FAE04EC0-301F-11D3-BF4B-00C04F79EFBC}") = "ExtractionCompta.Tests", "ExtractionCompta.Tests\ExtractionCompta.Tests.csproj", "{01656233-B98E-44FF-9847-879C30BFE1C1}"
EndProject
Global
	GlobalSection(SolutionConfigurationPlatforms) = preSolution
		Debug|Any CPU = Debug|Any CPU
		Release|Any CPU = Release|Any CPU
	EndGlobalSection
	GlobalSection(ProjectConfigurationPlatforms) = postSolution
		{ECA22951-EF9F-4FAF-AF45-7C017A8CBE0A}.Debug|Any CPU.ActiveCfg = Debug|Any CPU
		{ECA22951-EF9F-4FAF-AF45-7C017A8CBE0A}.Debug|Any CPU.Build.0 = Debug|Any CPU
		{ECA22951-EF9F-4FAF-AF45-7C017A8CBE0A}.Release|Any CPU.ActiveCfg = Release|Any CPU
		{ECA22951-EF9F-4FAF-AF45-7C017A8CBE0A}.Release|Any CPU.Build.0 = Release|Any CPU
		{01656233-B98E-44FF-9847-879C30BFE1C1}.Debug|Any CPU.ActiveCfg = Debug|Any CPU
		{01656233-B98E-44FF-9847-879C30BFE1C1}.Debug|Any CPU.Build.0 = Debug|Any CPU
		{01656233-B98E-44FF-9847-879C30BFE1C1}.Release|Any CPU.ActiveCfg = Release|Any CPU
		{01656233-B98E-44FF-9847-879C30BFE1C1}.Release|Any CPU.Build.0 = Release|Any CPU
	EndGlobalSection
	GlobalSection(SolutionProperties) = preSolution
		HideSolutionNode = FALSE
	EndGlobalSection
EndGlobal
